// !$*UTF8*$!
{
	archiveVersion = 1;
	classes = {
	};
	objectVersion = 55;
	objects = {

/* Begin PBXBuildFile section */
		168A1AD62ABCB9F6000144D0 /* AppDelegate.swift in Sources */ = {isa = PBXBuildFile; fileRef = 168A1AD52ABCB9F6000144D0 /* AppDelegate.swift */; };
		168A1ADA2ABCB9F6000144D0 /* Main.html in Resources */ = {isa = PBXBuildFile; fileRef = 168A1AD82ABCB9F6000144D0 /* Main.html */; };
		168A1ADC2ABCB9F6000144D0 /* Icon.png in Resources */ = {isa = PBXBuildFile; fileRef = 168A1ADB2ABCB9F6000144D0 /* Icon.png */; };
		168A1ADE2ABCB9F6000144D0 /* Style.css in Resources */ = {isa = PBXBuildFile; fileRef = 168A1ADD2ABCB9F6000144D0 /* Style.css */; };
		168A1AE02ABCB9F6000144D0 /* Script.js in Resources */ = {isa = PBXBuildFile; fileRef = 168A1ADF2ABCB9F6000144D0 /* Script.js */; };
		168A1AE22ABCB9F6000144D0 /* ViewController.swift in Sources */ = {isa = PBXBuildFile; fileRef = 168A1AE12ABCB9F6000144D0 /* ViewController.swift */; };
		168A1AE52ABCB9F6000144D0 /* Main.storyboard in Resources */ = {isa = PBXBuildFile; fileRef = 168A1AE32ABCB9F6000144D0 /* Main.storyboard */; };
		168A1AE72ABCB9FA000144D0 /* Assets.xcassets in Resources */ = {isa = PBXBuildFile; fileRef = 168A1AE62ABCB9FA000144D0 /* Assets.xcassets */; };
		168A1AEF2ABCB9FA000144D0 /* Scolless Extension.appex in Embed App Extensions */ = {isa = PBXBuildFile; fileRef = 168A1AEE2ABCB9FA000144D0 /* Scolless Extension.appex */; settings = {ATTRIBUTES = (RemoveHeadersOnCopy, ); }; };
		168A1AF42ABCB9FA000144D0 /* SafariWebExtensionHandler.swift in Sources */ = {isa = PBXBuildFile; fileRef = 168A1AF32ABCB9FA000144D0 /* SafariWebExtensionHandler.swift */; };
		168A1AF72ABCB9FA000144D0 /* _locales in Resources */ = {isa = PBXBuildFile; fileRef = 168A1AF62ABCB9FA000144D0 /* _locales */; };
		168A1AF92ABCB9FA000144D0 /* images in Resources */ = {isa = PBXBuildFile; fileRef = 168A1AF82ABCB9FA000144D0 /* images */; };
		168A1AFB2ABCB9FA000144D0 /* manifest.json in Resources */ = {isa = PBXBuildFile; fileRef = 168A1AFA2ABCB9FA000144D0 /* manifest.json */; };
		168A1AFD2ABCB9FA000144D0 /* background.js in Resources */ = {isa = PBXBuildFile; fileRef = 168A1AFC2ABCB9FA000144D0 /* background.js */; };
		168A1AFF2ABCB9FA000144D0 /* content.js in Resources */ = {isa = PBXBuildFile; fileRef = 168A1AFE2ABCB9FA000144D0 /* content.js */; };
		168A1B012ABCB9FA000144D0 /* popup.html in Resources */ = {isa = PBXBuildFile; fileRef = 168A1B002ABCB9FA000144D0 /* popup.html */; };
		168A1B032ABCB9FA000144D0 /* popup.css in Resources */ = {isa = PBXBuildFile; fileRef = 168A1B022ABCB9FA000144D0 /* popup.css */; };
		168A1B052ABCB9FA000144D0 /* popup.js in Resources */ = {isa = PBXBuildFile; fileRef = 168A1B042ABCB9FA000144D0 /* popup.js */; };
/* End PBXBuildFile section */

/* Begin PBXContainerItemProxy section */
		168A1AF02ABCB9FA000144D0 /* PBXContainerItemProxy */ = {
			isa = PBXContainerItemProxy;
			containerPortal = 168A1ACA2ABCB9F6000144D0 /* Project object */;
			proxyType = 1;
			remoteGlobalIDString = 168A1AED2ABCB9FA000144D0;
			remoteInfo = "Scolless Extension";
		};
/* End PBXContainerItemProxy section */

/* Begin PBXCopyFilesBuildPhase section */
		168A1B0D2ABCB9FA000144D0 /* Embed App Extensions */ = {
			isa = PBXCopyFilesBuildPhase;
			buildActionMask = 2147483647;
			dstPath = "";
			dstSubfolderSpec = 13;
			files = (
				168A1AEF2ABCB9FA000144D0 /* Scolless Extension.appex in Embed App Extensions */,
			);
			name = "Embed App Extensions";
			runOnlyForDeploymentPostprocessing = 0;
		};
/* End PBXCopyFilesBuildPhase section */

/* Begin PBXFileReference section */
		168A1AD22ABCB9F6000144D0 /* Scolless.app */ = {isa = PBXFileReference; explicitFileType = wrapper.application; includeInIndex = 0; path = Scolless.app; sourceTree = BUILT_PRODUCTS_DIR; };
		168A1AD52ABCB9F6000144D0 /* AppDelegate.swift */ = {isa = PBXFileReference; lastKnownFileType = sourcecode.swift; path = AppDelegate.swift; sourceTree = "<group>"; };
		168A1AD92ABCB9F6000144D0 /* Base */ = {isa = PBXFileReference; lastKnownFileType = text.html; name = Base; path = ../Base.lproj/Main.html; sourceTree = "<group>"; };
		168A1ADB2ABCB9F6000144D0 /* Icon.png */ = {isa = PBXFileReference; lastKnownFileType = image.png; path = Icon.png; sourceTree = "<group>"; };
		168A1ADD2ABCB9F6000144D0 /* Style.css */ = {isa = PBXFileReference; lastKnownFileType = text.css; path = Style.css; sourceTree = "<group>"; };
		168A1ADF2ABCB9F6000144D0 /* Script.js */ = {isa = PBXFileReference; lastKnownFileType = sourcecode.javascript; path = Script.js; sourceTree = "<group>"; };
		168A1AE12ABCB9F6000144D0 /* ViewController.swift */ = {isa = PBXFileReference; lastKnownFileType = sourcecode.swift; path = ViewController.swift; sourceTree = "<group>"; };
		168A1AE42ABCB9F6000144D0 /* Base */ = {isa = PBXFileReference; lastKnownFileType = file.storyboard; name = Base; path = Base.lproj/Main.storyboard; sourceTree = "<group>"; };
		168A1AE62ABCB9FA000144D0 /* Assets.xcassets */ = {isa = PBXFileReference; lastKnownFileType = folder.assetcatalog; path = Assets.xcassets; sourceTree = "<group>"; };
		168A1AE82ABCB9FA000144D0 /* Scolless.entitlements */ = {isa = PBXFileReference; lastKnownFileType = text.plist.entitlements; path = Scolless.entitlements; sourceTree = "<group>"; };
		168A1AE92ABCB9FA000144D0 /* Scolless.entitlements */ = {isa = PBXFileReference; lastKnownFileType = text.plist.entitlements; path = Scolless.entitlements; sourceTree = "<group>"; };
		168A1AEE2ABCB9FA000144D0 /* Scolless Extension.appex */ = {isa = PBXFileReference; explicitFileType = "wrapper.app-extension"; includeInIndex = 0; path = "Scolless Extension.appex"; sourceTree = BUILT_PRODUCTS_DIR; };
		168A1AF32ABCB9FA000144D0 /* SafariWebExtensionHandler.swift */ = {isa = PBXFileReference; lastKnownFileType = sourcecode.swift; path = SafariWebExtensionHandler.swift; sourceTree = "<group>"; };
		168A1AF62ABCB9FA000144D0 /* _locales */ = {isa = PBXFileReference; lastKnownFileType = folder; path = _locales; sourceTree = "<group>"; };
		168A1AF82ABCB9FA000144D0 /* images */ = {isa = PBXFileReference; lastKnownFileType = folder; path = images; sourceTree = "<group>"; };
		168A1AFA2ABCB9FA000144D0 /* manifest.json */ = {isa = PBXFileReference; lastKnownFileType = text.json; path = manifest.json; sourceTree = "<group>"; };
		168A1AFC2ABCB9FA000144D0 /* background.js */ = {isa = PBXFileReference; lastKnownFileType = sourcecode.javascript; path = background.js; sourceTree = "<group>"; };
		168A1AFE2ABCB9FA000144D0 /* content.js */ = {isa = PBXFileReference; lastKnownFileType = sourcecode.javascript; path = content.js; sourceTree = "<group>"; };
		168A1B002ABCB9FA000144D0 /* popup.html */ = {isa = PBXFileReference; lastKnownFileType = text.html; path = popup.html; sourceTree = "<group>"; };
		168A1B022ABCB9FA000144D0 /* popup.css */ = {isa = PBXFileReference; lastKnownFileType = text.css; path = popup.css; sourceTree = "<group>"; };
		168A1B042ABCB9FA000144D0 /* popup.js */ = {isa = PBXFileReference; lastKnownFileType = sourcecode.javascript; path = popup.js; sourceTree = "<group>"; };
		168A1B062ABCB9FA000144D0 /* Info.plist */ = {isa = PBXFileReference; lastKnownFileType = text.plist.xml; path = Info.plist; sourceTree = "<group>"; };
		168A1B072ABCB9FA000144D0 /* Scolless_Extension.entitlements */ = {isa = PBXFileReference; lastKnownFileType = text.plist.entitlements; path = Scolless_Extension.entitlements; sourceTree = "<group>"; };
/* End PBXFileReference section */

/* Begin PBXFrameworksBuildPhase section */
		168A1ACF2ABCB9F6000144D0 /* Frameworks */ = {
			isa = PBXFrameworksBuildPhase;
			buildActionMask = 2147483647;
			files = (
			);
			runOnlyForDeploymentPostprocessing = 0;
		};
		168A1AEB2ABCB9FA000144D0 /* Frameworks */ = {
			isa = PBXFrameworksBuildPhase;
			buildActionMask = 2147483647;
			files = (
			);
			runOnlyForDeploymentPostprocessing = 0;
		};
/* End PBXFrameworksBuildPhase section */

/* Begin PBXGroup section */
		168A1AC92ABCB9F6000144D0 = {
			isa = PBXGroup;
			children = (
				168A1AD42ABCB9F6000144D0 /* Scolless */,
				168A1AF22ABCB9FA000144D0 /* Scolless Extension */,
				168A1AD32ABCB9F6000144D0 /* Products */,
			);
			sourceTree = "<group>";
		};
		168A1AD32ABCB9F6000144D0 /* Products */ = {
			isa = PBXGroup;
			children = (
				168A1AD22ABCB9F6000144D0 /* Scolless.app */,
				168A1AEE2ABCB9FA000144D0 /* Scolless Extension.appex */,
			);
			name = Products;
			sourceTree = "<group>";
		};
		168A1AD42ABCB9F6000144D0 /* Scolless */ = {
			isa = PBXGroup;
			children = (
				168A1AD52ABCB9F6000144D0 /* AppDelegate.swift */,
				168A1AE12ABCB9F6000144D0 /* ViewController.swift */,
				168A1AE32ABCB9F6000144D0 /* Main.storyboard */,
				168A1AE62ABCB9FA000144D0 /* Assets.xcassets */,
				168A1AE82ABCB9FA000144D0 /* Scolless.entitlements */,
				168A1AE92ABCB9FA000144D0 /* Scolless.entitlements */,
				168A1AD72ABCB9F6000144D0 /* Resources */,
			);
			path = Scolless;
			sourceTree = "<group>";
		};
		168A1AD72ABCB9F6000144D0 /* Resources */ = {
			isa = PBXGroup;
			children = (
				168A1AD82ABCB9F6000144D0 /* Main.html */,
				168A1ADB2ABCB9F6000144D0 /* Icon.png */,
				168A1ADD2ABCB9F6000144D0 /* Style.css */,
				168A1ADF2ABCB9F6000144D0 /* Script.js */,
			);
			path = Resources;
			sourceTree = "<group>";
		};
		168A1AF22ABCB9FA000144D0 /* Scolless Extension */ = {
			isa = PBXGroup;
			children = (
				168A1AF32ABCB9FA000144D0 /* SafariWebExtensionHandler.swift */,
				168A1B062ABCB9FA000144D0 /* Info.plist */,
				168A1B072ABCB9FA000144D0 /* Scolless_Extension.entitlements */,
				168A1AF52ABCB9FA000144D0 /* Resources */,
			);
			path = "Scolless Extension";
			sourceTree = "<group>";
		};
		168A1AF52ABCB9FA000144D0 /* Resources */ = {
			isa = PBXGroup;
			children = (
				168A1AF62ABCB9FA000144D0 /* _locales */,
				168A1AF82ABCB9FA000144D0 /* images */,
				168A1AFA2ABCB9FA000144D0 /* manifest.json */,
				168A1AFC2ABCB9FA000144D0 /* background.js */,
				168A1AFE2ABCB9FA000144D0 /* content.js */,
				168A1B002ABCB9FA000144D0 /* popup.html */,
				168A1B022ABCB9FA000144D0 /* popup.css */,
				168A1B042ABCB9FA000144D0 /* popup.js */,
			);
			path = Resources;
			sourceTree = "<group>";
		};
/* End PBXGroup section */

/* Begin PBXNativeTarget section */
		168A1AD12ABCB9F6000144D0 /* Scolless */ = {
			isa = PBXNativeTarget;
			buildConfigurationList = 168A1B0E2ABCB9FA000144D0 /* Build configuration list for PBXNativeTarget "Scolless" */;
			buildPhases = (
				168A1ACE2ABCB9F6000144D0 /* Sources */,
				168A1ACF2ABCB9F6000144D0 /* Frameworks */,
				168A1AD02ABCB9F6000144D0 /* Resources */,
				168A1B0D2ABCB9FA000144D0 /* Embed App Extensions */,
			);
			buildRules = (
			);
			dependencies = (
				168A1AF12ABCB9FA000144D0 /* PBXTargetDependency */,
			);
			name = Scolless;
			productName = Scolless;
			productReference = 168A1AD22ABCB9F6000144D0 /* Scolless.app */;
			productType = "com.apple.product-type.application";
		};
		168A1AED2ABCB9FA000144D0 /* Scolless Extension */ = {
			isa = PBXNativeTarget;
			buildConfigurationList = 168A1B0A2ABCB9FA000144D0 /* Build configuration list for PBXNativeTarget "Scolless Extension" */;
			buildPhases = (
				168A1AEA2ABCB9FA000144D0 /* Sources */,
				168A1AEB2ABCB9FA000144D0 /* Frameworks */,
				168A1AEC2ABCB9FA000144D0 /* Resources */,
			);
			buildRules = (
			);
			dependencies = (
			);
			name = "Scolless Extension";
			productName = "Scolless Extension";
			productReference = 168A1AEE2ABCB9FA000144D0 /* Scolless Extension.appex */;
			productType = "com.apple.product-type.app-extension";
		};
/* End PBXNativeTarget section */

/* Begin PBXProject section */
		168A1ACA2ABCB9F6000144D0 /* Project object */ = {
			isa = PBXProject;
			attributes = {
				BuildIndependentTargetsInParallel = 1;
				LastSwiftUpdateCheck = 1340;
				LastUpgradeCheck = 1340;
				TargetAttributes = {
					168A1AD12ABCB9F6000144D0 = {
						CreatedOnToolsVersion = 13.4.1;
					};
					168A1AED2ABCB9FA000144D0 = {
						CreatedOnToolsVersion = 13.4.1;
					};
				};
			};
			buildConfigurationList = 168A1ACD2ABCB9F6000144D0 /* Build configuration list for PBXProject "Scolless" */;
			compatibilityVersion = "Xcode 13.0";
			developmentRegion = en;
			hasScannedForEncodings = 0;
			knownRegions = (
				en,
				Base,
			);
			mainGroup = 168A1AC92ABCB9F6000144D0;
			productRefGroup = 168A1AD32ABCB9F6000144D0 /* Products */;
			projectDirPath = "";
			projectRoot = "";
			targets = (
				168A1AD12ABCB9F6000144D0 /* Scolless */,
				168A1AED2ABCB9FA000144D0 /* Scolless Extension */,
			);
		};
/* End PBXProject section */

/* Begin PBXResourcesBuildPhase section */
		168A1AD02ABCB9F6000144D0 /* Resources */ = {
			isa = PBXResourcesBuildPhase;
			buildActionMask = 2147483647;
			files = (
				168A1ADC2ABCB9F6000144D0 /* Icon.png in Resources */,
				168A1AE52ABCB9F6000144D0 /* Main.storyboard in Resources */,
				168A1AE02ABCB9F6000144D0 /* Script.js in Resources */,
				168A1ADA2ABCB9F6000144D0 /* Main.html in Resources */,
				168A1AE72ABCB9FA000144D0 /* Assets.xcassets in Resources */,
				168A1ADE2ABCB9F6000144D0 /* Style.css in Resources */,
			);
			runOnlyForDeploymentPostprocessing = 0;
		};
		168A1AEC2ABCB9FA000144D0 /* Resources */ = {
			isa = PBXResourcesBuildPhase;
			buildActionMask = 2147483647;
			files = (
				168A1AFD2ABCB9FA000144D0 /* background.js in Resources */,
				168A1B032ABCB9FA000144D0 /* popup.css in Resources */,
				168A1B012ABCB9FA000144D0 /* popup.html in Resources */,
				168A1AF92ABCB9FA000144D0 /* images in Resources */,
				168A1AFB2ABCB9FA000144D0 /* manifest.json in Resources */,
				168A1AF72ABCB9FA000144D0 /* _locales in Resources */,
				168A1AFF2ABCB9FA000144D0 /* content.js in Resources */,
				168A1B052ABCB9FA000144D0 /* popup.js in Resources */,
			);
			runOnlyForDeploymentPostprocessing = 0;
		};
/* End PBXResourcesBuildPhase section */

/* Begin PBXSourcesBuildPhase section */
		168A1ACE2ABCB9F6000144D0 /* Sources */ = {
			isa = PBXSourcesBuildPhase;
			buildActionMask = 2147483647;
			files = (
				168A1AE22ABCB9F6000144D0 /* ViewController.swift in Sources */,
				168A1AD62ABCB9F6000144D0 /* AppDelegate.swift in Sources */,
			);
			runOnlyForDeploymentPostprocessing = 0;
		};
		168A1AEA2ABCB9FA000144D0 /* Sources */ = {
			isa = PBXSourcesBuildPhase;
			buildActionMask = 2147483647;
			files = (
				168A1AF42ABCB9FA000144D0 /* SafariWebExtensionHandler.swift in Sources */,
			);
			runOnlyForDeploymentPostprocessing = 0;
		};
/* End PBXSourcesBuildPhase section */

/* Begin PBXTargetDependency section */
		168A1AF12ABCB9FA000144D0 /* PBXTargetDependency */ = {
			isa = PBXTargetDependency;
			target = 168A1AED2ABCB9FA000144D0 /* Scolless Extension */;
			targetProxy = 168A1AF02ABCB9FA000144D0 /* PBXContainerItemProxy */;
		};
/* End PBXTargetDependency section */

/* Begin PBXVariantGroup section */
		168A1AD82ABCB9F6000144D0 /* Main.html */ = {
			isa = PBXVariantGroup;
			children = (
				168A1AD92ABCB9F6000144D0 /* Base */,
			);
			name = Main.html;
			sourceTree = "<group>";
		};
		168A1AE32ABCB9F6000144D0 /* Main.storyboard */ = {
			isa = PBXVariantGroup;
			children = (
				168A1AE42ABCB9F6000144D0 /* Base */,
			);
			name = Main.storyboard;
			sourceTree = "<group>";
		};
/* End PBXVariantGroup section */

/* Begin XCBuildConfiguration section */
		168A1B082ABCB9FA000144D0 /* Debug */ = {
			isa = XCBuildConfiguration;
			buildSettings = {
				ALWAYS_SEARCH_USER_PATHS = NO;
				CLANG_ANALYZER_NONNULL = YES;
				CLANG_ANALYZER_NUMBER_OBJECT_CONVERSION = YES_AGGRESSIVE;
				CLANG_CXX_LANGUAGE_STANDARD = "gnu++17";
				CLANG_ENABLE_MODULES = YES;
				CLANG_ENABLE_OBJC_ARC = YES;
				CLANG_ENABLE_OBJC_WEAK = YES;
				CLANG_WARN_BLOCK_CAPTURE_AUTORELEASING = YES;
				CLANG_WARN_BOOL_CONVERSION = YES;
				CLANG_WARN_COMMA = YES;
				CLANG_WARN_CONSTANT_CONVERSION = YES;
				CLANG_WARN_DEPRECATED_OBJC_IMPLEMENTATIONS = YES;
				CLANG_WARN_DIRECT_OBJC_ISA_USAGE = YES_ERROR;
				CLANG_WARN_DOCUMENTATION_COMMENTS = YES;
				CLANG_WARN_EMPTY_BODY = YES;
				CLANG_WARN_ENUM_CONVERSION = YES;
				CLANG_WARN_INFINITE_RECURSION = YES;
				CLANG_WARN_INT_CONVERSION = YES;
				CLANG_WARN_NON_LITERAL_NULL_CONVERSION = YES;
				CLANG_WARN_OBJC_IMPLICIT_RETAIN_SELF = YES;
				CLANG_WARN_OBJC_LITERAL_CONVERSION = YES;
				CLANG_WARN_OBJC_ROOT_CLASS = YES_ERROR;
				CLANG_WARN_QUOTED_INCLUDE_IN_FRAMEWORK_HEADER = YES;
				CLANG_WARN_RANGE_LOOP_ANALYSIS = YES;
				CLANG_WARN_STRICT_PROTOTYPES = YES;
				CLANG_WARN_SUSPICIOUS_MOVE = YES;
				CLANG_WARN_UNGUARDED_AVAILABILITY = YES_AGGRESSIVE;
				CLANG_WARN_UNREACHABLE_CODE = YES;
				CLANG_WARN__DUPLICATE_METHOD_MATCH = YES;
				COPY_PHASE_STRIP = NO;
				DEBUG_INFORMATION_FORMAT = dwarf;
				ENABLE_STRICT_OBJC_MSGSEND = YES;
				ENABLE_TESTABILITY = YES;
				GCC_C_LANGUAGE_STANDARD = gnu11;
				GCC_DYNAMIC_NO_PIC = NO;
				GCC_NO_COMMON_BLOCKS = YES;
				GCC_OPTIMIZATION_LEVEL = 0;
				GCC_PREPROCESSOR_DEFINITIONS = (
					"DEBUG=1",
					"$(inherited)",
				);
				GCC_WARN_64_TO_32_BIT_CONVERSION = YES;
				GCC_WARN_ABOUT_RETURN_TYPE = YES_ERROR;
				GCC_WARN_UNDECLARED_SELECTOR = YES;
				GCC_WARN_UNINITIALIZED_AUTOS = YES_AGGRESSIVE;
				GCC_WARN_UNUSED_FUNCTION = YES;
				GCC_WARN_UNUSED_VARIABLE = YES;
				MACOSX_DEPLOYMENT_TARGET = 12.3;
				MTL_ENABLE_DEBUG_INFO = INCLUDE_SOURCE;
				MTL_FAST_MATH = YES;
				ONLY_ACTIVE_ARCH = YES;
				SDKROOT = macosx;
				SWIFT_ACTIVE_COMPILATION_CONDITIONS = DEBUG;
				SWIFT_OPTIMIZATION_LEVEL = "-Onone";
			};
			name = Debug;
		};
		168A1B092ABCB9FA000144D0 /* Release */ = {
			isa = XCBuildConfiguration;
			buildSettings = {
				ALWAYS_SEARCH_USER_PATHS = NO;
				CLANG_ANALYZER_NONNULL = YES;
				CLANG_ANALYZER_NUMBER_OBJECT_CONVERSION = YES_AGGRESSIVE;
				CLANG_CXX_LANGUAGE_STANDARD = "gnu++17";
				CLANG_ENABLE_MODULES = YES;
				CLANG_ENABLE_OBJC_ARC = YES;
				CLANG_ENABLE_OBJC_WEAK = YES;
				CLANG_WARN_BLOCK_CAPTURE_AUTORELEASING = YES;
				CLANG_WARN_BOOL_CONVERSION = YES;
				CLANG_WARN_COMMA = YES;
				CLANG_WARN_CONSTANT_CONVERSION = YES;
				CLANG_WARN_DEPRECATED_OBJC_IMPLEMENTATIONS = YES;
				CLANG_WARN_DIRECT_OBJC_ISA_USAGE = YES_ERROR;
				CLANG_WARN_DOCUMENTATION_COMMENTS = YES;
				CLANG_WARN_EMPTY_BODY = YES;
				CLANG_WARN_ENUM_CONVERSION = YES;
				CLANG_WARN_INFINITE_RECURSION = YES;
				CLANG_WARN_INT_CONVERSION = YES;
				CLANG_WARN_NON_LITERAL_NULL_CONVERSION = YES;
				CLANG_WARN_OBJC_IMPLICIT_RETAIN_SELF = YES;
				CLANG_WARN_OBJC_LITERAL_CONVERSION = YES;
				CLANG_WARN_OBJC_ROOT_CLASS = YES_ERROR;
				CLANG_WARN_QUOTED_INCLUDE_IN_FRAMEWORK_HEADER = YES;
				CLANG_WARN_RANGE_LOOP_ANALYSIS = YES;
				CLANG_WARN_STRICT_PROTOTYPES = YES;
				CLANG_WARN_SUSPICIOUS_MOVE = YES;
				CLANG_WARN_UNGUARDED_AVAILABILITY = YES_AGGRESSIVE;
				CLANG_WARN_UNREACHABLE_CODE = YES;
				CLANG_WARN__DUPLICATE_METHOD_MATCH = YES;
				COPY_PHASE_STRIP = NO;
				DEBUG_INFORMATION_FORMAT = "dwarf-with-dsym";
				ENABLE_NS_ASSERTIONS = NO;
				ENABLE_STRICT_OBJC_MSGSEND = YES;
				GCC_C_LANGUAGE_STANDARD = gnu11;
				GCC_NO_COMMON_BLOCKS = YES;
				GCC_WARN_64_TO_32_BIT_CONVERSION = YES;
				GCC_WARN_ABOUT_RETURN_TYPE = YES_ERROR;
				GCC_WARN_UNDECLARED_SELECTOR = YES;
				GCC_WARN_UNINITIALIZED_AUTOS = YES_AGGRESSIVE;
				GCC_WARN_UNUSED_FUNCTION = YES;
				GCC_WARN_UNUSED_VARIABLE = YES;
				MACOSX_DEPLOYMENT_TARGET = 12.3;
				MTL_ENABLE_DEBUG_INFO = NO;
				MTL_FAST_MATH = YES;
				SDKROOT = macosx;
				SWIFT_COMPILATION_MODE = wholemodule;
				SWIFT_OPTIMIZATION_LEVEL = "-O";
			};
			name = Release;
		};
		168A1B0B2ABCB9FA000144D0 /* Debug */ = {
			isa = XCBuildConfiguration;
			buildSettings = {
				CODE_SIGN_ENTITLEMENTS = "Scolless Extension/Scolless_Extension.entitlements";
				CODE_SIGN_STYLE = Automatic;
				CURRENT_PROJECT_VERSION = 1;
				ENABLE_HARDENED_RUNTIME = YES;
				GENERATE_INFOPLIST_FILE = YES;
				INFOPLIST_FILE = "Scolless Extension/Info.plist";
				INFOPLIST_KEY_CFBundleDisplayName = "Scolless Extension";
				INFOPLIST_KEY_NSHumanReadableCopyright = "";
				LD_RUNPATH_SEARCH_PATHS = (
					"$(inherited)",
					"@executable_path/../Frameworks",
					"@executable_path/../../../../Frameworks",
				);
				MACOSX_DEPLOYMENT_TARGET = 10.14;
				MARKETING_VERSION = 1.0;
				OTHER_LDFLAGS = (
					"-framework",
					SafariServices,
				);
				PRODUCT_BUNDLE_IDENTIFIER = com.lenoxsoftware.Scolless.Extension;
				PRODUCT_NAME = "$(TARGET_NAME)";
				SKIP_INSTALL = YES;
				SWIFT_EMIT_LOC_STRINGS = YES;
				SWIFT_VERSION = 5.0;
			};
			name = Debug;
		};
		168A1B0C2ABCB9FA000144D0 /* Release */ = {
			isa = XCBuildConfiguration;
			buildSettings = {
				CODE_SIGN_ENTITLEMENTS = "Scolless Extension/Scolless_Extension.entitlements";
				CODE_SIGN_STYLE = Automatic;
				CURRENT_PROJECT_VERSION = 1;
				ENABLE_HARDENED_RUNTIME = YES;
				GENERATE_INFOPLIST_FILE = YES;
				INFOPLIST_FILE = "Scolless Extension/Info.plist";
				INFOPLIST_KEY_CFBundleDisplayName = "Scolless Extension";
				INFOPLIST_KEY_NSHumanReadableCopyright = "";
				LD_RUNPATH_SEARCH_PATHS = (
					"$(inherited)",
					"@executable_path/../Frameworks",
					"@executable_path/../../../../Frameworks",
				);
				MACOSX_DEPLOYMENT_TARGET = 10.14;
				MARKETING_VERSION = 1.0;
				OTHER_LDFLAGS = (
					"-framework",
					SafariServices,
				);
				PRODUCT_BUNDLE_IDENTIFIER = com.lenoxsoftware.Scolless.Extension;
				PRODUCT_NAME = "$(TARGET_NAME)";
				SKIP_INSTALL = YES;
				SWIFT_EMIT_LOC_STRINGS = YES;
				SWIFT_VERSION = 5.0;
			};
			name = Release;
		};
		168A1B0F2ABCB9FA000144D0 /* Debug */ = {
			isa = XCBuildConfiguration;
			buildSettings = {
				ALWAYS_EMBED_SWIFT_STANDARD_LIBRARIES = YES;
				ASSETCATALOG_COMPILER_APPICON_NAME = AppIcon;
				ASSETCATALOG_COMPILER_GLOBAL_ACCENT_COLOR_NAME = AccentColor;
				CODE_SIGN_ENTITLEMENTS = Scolless/Scolless.entitlements;
				CODE_SIGN_STYLE = Automatic;
				COMBINE_HIDPI_IMAGES = YES;
				CURRENT_PROJECT_VERSION = 1;
				ENABLE_HARDENED_RUNTIME = YES;
				GENERATE_INFOPLIST_FILE = YES;
				INFOPLIST_KEY_CFBundleDisplayName = Scolless;
				INFOPLIST_KEY_NSHumanReadableCopyright = "";
				INFOPLIST_KEY_NSMainStoryboardFile = Main;
				INFOPLIST_KEY_NSPrincipalClass = NSApplication;
				LD_RUNPATH_SEARCH_PATHS = (
					"$(inherited)",
					"@executable_path/../Frameworks",
				);
				MACOSX_DEPLOYMENT_TARGET = 10.14;
				MARKETING_VERSION = 1.0;
				OTHER_LDFLAGS = (
					"-framework",
					SafariServices,
					"-framework",
					WebKit,
				);
				PRODUCT_BUNDLE_IDENTIFIER = com.lenoxsoftware.Scolless;
				PRODUCT_NAME = "$(TARGET_NAME)";
				SWIFT_EMIT_LOC_STRINGS = YES;
				SWIFT_VERSION = 5.0;
			};
			name = Debug;
		};
		168A1B102ABCB9FA000144D0 /* Release */ = {
			isa = XCBuildConfiguration;
			buildSettings = {
				ALWAYS_EMBED_SWIFT_STANDARD_LIBRARIES = YES;
				ASSETCATALOG_COMPILER_APPICON_NAME = AppIcon;
				ASSETCATALOG_COMPILER_GLOBAL_ACCENT_COLOR_NAME = AccentColor;
				CODE_SIGN_ENTITLEMENTS = Scolless/Scolless.entitlements;
				CODE_SIGN_STYLE = Automatic;
				COMBINE_HIDPI_IMAGES = YES;
				CURRENT_PROJECT_VERSION = 1;
				ENABLE_HARDENED_RUNTIME = YES;
				GENERATE_INFOPLIST_FILE = YES;
				INFOPLIST_KEY_CFBundleDisplayName = Scolless;
				INFOPLIST_KEY_NSHumanReadableCopyright = "";
				INFOPLIST_KEY_NSMainStoryboardFile = Main;
				INFOPLIST_KEY_NSPrincipalClass = NSApplication;
				LD_RUNPATH_SEARCH_PATHS = (
					"$(inherited)",
					"@executable_path/../Frameworks",
				);
				MACOSX_DEPLOYMENT_TARGET = 10.14;
				MARKETING_VERSION = 1.0;
				OTHER_LDFLAGS = (
					"-framework",
					SafariServices,
					"-framework",
					WebKit,
				);
				PRODUCT_BUNDLE_IDENTIFIER = com.lenoxsoftware.Scolless;
				PRODUCT_NAME = "$(TARGET_NAME)";
				SWIFT_EMIT_LOC_STRINGS = YES;
				SWIFT_VERSION = 5.0;
			};
			name = Release;
		};
/* End XCBuildConfiguration section */

/* Begin XCConfigurationList section */
		168A1ACD2ABCB9F6000144D0 /* Build configuration list for PBXProject "Scolless" */ = {
			isa = XCConfigurationList;
			buildConfigurations = (
				168A1B082ABCB9FA000144D0 /* Debug */,
				168A1B092ABCB9FA000144D0 /* Release */,
			);
			defaultConfigurationIsVisible = 0;
			defaultConfigurationName = Release;
		};
		168A1B0A2ABCB9FA000144D0 /* Build configuration list for PBXNativeTarget "Scolless Extension" */ = {
			isa = XCConfigurationList;
			buildConfigurations = (
				168A1B0B2ABCB9FA000144D0 /* Debug */,
				168A1B0C2ABCB9FA000144D0 /* Release */,
			);
			defaultConfigurationIsVisible = 0;
			defaultConfigurationName = Release;
		};
		168A1B0E2ABCB9FA000144D0 /* Build configuration list for PBXNativeTarget "Scolless" */ = {
			isa = XCConfigurationList;
			buildConfigurations = (
				168A1B0F2ABCB9FA000144D0 /* Debug */,
				168A1B102ABCB9FA000144D0 /* Release */,
			);
			defaultConfigurationIsVisible = 0;
			defaultConfigurationName = Release;
		};
/* End XCConfigurationList section */
	};
	rootObject = 168A1ACA2ABCB9F6000144D0 /* Project object */;
}
